# THIS IS AN AUTOGENERATED FILE. DO NOT EDIT THIS FILE DIRECTLY.
# yarn lockfile v1


"@kevinbarabash/bar@0.0.2":
  version "0.0.2"
  resolved "https://registry.yarnpkg.com/@kevinbarabash/bar/-/bar-0.0.2.tgz#4ded5ef431407838d86e588d60db86a523bdfe8a"

"@kevinbarabash/foo@0.0.3":
  version "0.0.3"
  resolved "https://registry.yarnpkg.com/@kevinbarabash/foo/-/foo-0.0.3.tgz#bc39790c2088de62a786c6cab430c4fc082bb04d"

"@kevinbarabash/foobar@^0.0.5":
  version "0.0.5"
  resolved "https://registry.yarnpkg.com/@kevinbarabash/foobar/-/foobar-0.0.5.tgz#3f76b7972149069b39090386d0c83a91edd02f61"
  dependencies:
    "@kevinbarabash/bar" "0.0.2"
    "@kevinbarabash/foo" "0.0.3"
