# THIS IS AN AUTOGENERATED FILE. DO NOT EDIT THIS FILE DIRECTLY.
# yarn lockfile v1


"@kevinbarabash/bar@0.1.2":
  version "0.1.2"
  resolved "https://registry.yarnpkg.com/@kevinbarabash/bar/-/bar-0.1.2.tgz#aa9625c8311735fd6e9ac4b924d6c75c91db66d4"

"@kevinbarabash/foo@0.1.2":
  version "0.1.2"
  resolved "https://registry.yarnpkg.com/@kevinbarabash/foo/-/foo-0.1.2.tgz#a976c9ced18faba2dd53eb5408361f18cf6716e6"

"@kevinbarabash/foobar@0.1.2":
  version "0.1.2"
  resolved "https://registry.yarnpkg.com/@kevinbarabash/foobar/-/foobar-0.1.2.tgz#4ffeddd842c110f9c24af8fe91bf9d95edbf9889"
  dependencies:
    "@kevinbarabash/bar" "0.1.2"
    "@kevinbarabash/foo" "0.1.2"
